
Microsoft Visual Studio Solution File, Format Version 12.00
# Visual Studio Version 16
VisualStudioVersion = 16.0.33130.400
MinimumVisualStudioVersion = 10.0.40219.1
Project("{FAE04EC0-301F-11D3-BF4B-00C04F79EFBC}") = "WpfApp1", "WpfApp1\WpfApp1.csproj", "{ED737269-CF06-4FCE-878B-7EF52E8A68C9}"
EndProject
Global
	GlobalSection(SolutionConfigurationPlatforms) = preSolution
		Debug|Any CPU = Debug|Any CPU
		Release|Any CPU = Release|Any CPU
	EndGlobalSection
	GlobalSection(ProjectConfigurationPlatforms) = postSolution
		{ED737269-CF06-4FCE-878B-7EF52E8A68C9}.Debug|Any CPU.ActiveCfg = Debug|Any CPU
		{ED737269-CF06-4FCE-878B-7EF52E8A68C9}.Debug|Any CPU.Build.0 = Debug|Any CPU
		{ED737269-CF06-4FCE-878B-7EF52E8A68C9}.Release|Any CPU.ActiveCfg = Release|Any CPU
		{ED737269-CF06-4FCE-878B-7EF52E8A68C9}.Release|Any CPU.Build.0 = Release|Any CPU
	EndGlobalSection
	GlobalSection(SolutionProperties) = preSolution
		HideSolutionNode = FALSE
	EndGlobalSection
	GlobalSection(ExtensibilityGlobals) = postSolution
		SolutionGuid = {E1DBE4A2-3D87-437F-9EB7-981C360D86BE}
	EndGlobalSection
EndGlobal
